// !$*UTF8*$!
{
	archiveVersion = 1;
	classes = {
	};
	objectVersion = 56;
	objects = {

/* Begin PBXBuildFile section */
		7122D46B2A9E3E6C008D57C7 /* AppDelegate.swift in Sources */ = {isa = PBXBuildFile; fileRef = 7122D46A2A9E3E6C008D57C7 /* AppDelegate.swift */; };
		7122D46D2A9E3E6C008D57C7 /* SceneDelegate.swift in Sources */ = {isa = PBXBuildFile; fileRef = 7122D46C2A9E3E6C008D57C7 /* SceneDelegate.swift */; };
		7122D46F2A9E3E6C008D57C7 /* MainViewController.swift in Sources */ = {isa = PBXBuildFile; fileRef = 7122D46E2A9E3E6C008D57C7 /* MainViewController.swift */; };
		7122D4742A9E3E6E008D57C7 /* Assets.xcassets in Resources */ = {isa = PBXBuildFile; fileRef = 7122D4732A9E3E6E008D57C7 /* Assets.xcassets */; };
		7122D4772A9E3E6E008D57C7 /* LaunchScreen.storyboard in Resources */ = {isa = PBXBuildFile; fileRef = 7122D4752A9E3E6E008D57C7 /* LaunchScreen.storyboard */; };
		7122D4812A9E48AD008D57C7 /* NewsCollectionViewCell.swift in Sources */ = {isa = PBXBuildFile; fileRef = 7122D4802A9E48AD008D57C7 /* NewsCollectionViewCell.swift */; };
		7122D4852A9E52CE008D57C7 /* Resourses.swift in Sources */ = {isa = PBXBuildFile; fileRef = 7122D4842A9E52CE008D57C7 /* Resourses.swift */; };
		7122D48A2A9E546A008D57C7 /* ModelOfPost.swift in Sources */ = {isa = PBXBuildFile; fileRef = 7122D4892A9E546A008D57C7 /* ModelOfPost.swift */; };
		71D889132A9E5DF6003F9613 /* ApiManager.swift in Sources */ = {isa = PBXBuildFile; fileRef = 71D889122A9E5DF6003F9613 /* ApiManager.swift */; };
		71D889152A9E79DC003F9613 /* SpecificNews.swift in Sources */ = {isa = PBXBuildFile; fileRef = 71D889142A9E79DC003F9613 /* SpecificNews.swift */; };
		71D889172A9E83CC003F9613 /* Extension Color .swift in Sources */ = {isa = PBXBuildFile; fileRef = 71D889162A9E83CC003F9613 /* Extension Color .swift */; };
/* End PBXBuildFile section */

/* Begin PBXFileReference section */
		7122D4672A9E3E6C008D57C7 /* TestApp.app */ = {isa = PBXFileReference; explicitFileType = wrapper.application; includeInIndex = 0; path = TestApp.app; sourceTree = BUILT_PRODUCTS_DIR; };
		7122D46A2A9E3E6C008D57C7 /* AppDelegate.swift */ = {isa = PBXFileReference; lastKnownFileType = sourcecode.swift; path = AppDelegate.swift; sourceTree = "<group>"; };
		7122D46C2A9E3E6C008D57C7 /* SceneDelegate.swift */ = {isa = PBXFileReference; lastKnownFileType = sourcecode.swift; path = SceneDelegate.swift; sourceTree = "<group>"; };
		7122D46E2A9E3E6C008D57C7 /* MainViewController.swift */ = {isa = PBXFileReference; lastKnownFileType = sourcecode.swift; path = MainViewController.swift; sourceTree = "<group>"; };
		7122D4732A9E3E6E008D57C7 /* Assets.xcassets */ = {isa = PBXFileReference; lastKnownFileType = folder.assetcatalog; path = Assets.xcassets; sourceTree = "<group>"; };
		7122D4762A9E3E6E008D57C7 /* Base */ = {isa = PBXFileReference; lastKnownFileType = file.storyboard; name = Base; path = Base.lproj/LaunchScreen.storyboard; sourceTree = "<group>"; };
		7122D4782A9E3E6E008D57C7 /* Info.plist */ = {isa = PBXFileReference; lastKnownFileType = text.plist.xml; path = Info.plist; sourceTree = "<group>"; };
		7122D4802A9E48AD008D57C7 /* NewsCollectionViewCell.swift */ = {isa = PBXFileReference; lastKnownFileType = sourcecode.swift; path = NewsCollectionViewCell.swift; sourceTree = "<group>"; };
		7122D4842A9E52CE008D57C7 /* Resourses.swift */ = {isa = PBXFileReference; lastKnownFileType = sourcecode.swift; path = Resourses.swift; sourceTree = "<group>"; };
		7122D4892A9E546A008D57C7 /* ModelOfPost.swift */ = {isa = PBXFileReference; lastKnownFileType = sourcecode.swift; path = ModelOfPost.swift; sourceTree = "<group>"; };
		71D889122A9E5DF6003F9613 /* ApiManager.swift */ = {isa = PBXFileReference; lastKnownFileType = sourcecode.swift; path = ApiManager.swift; sourceTree = "<group>"; };
		71D889142A9E79DC003F9613 /* SpecificNews.swift */ = {isa = PBXFileReference; lastKnownFileType = sourcecode.swift; path = SpecificNews.swift; sourceTree = "<group>"; };
		71D889162A9E83CC003F9613 /* Extension Color .swift */ = {isa = PBXFileReference; lastKnownFileType = sourcecode.swift; path = "Extension Color .swift"; sourceTree = "<group>"; };
/* End PBXFileReference section */

/* Begin PBXFrameworksBuildPhase section */
		7122D4642A9E3E6C008D57C7 /* Frameworks */ = {
			isa = PBXFrameworksBuildPhase;
			buildActionMask = 2147483647;
			files = (
			);
			runOnlyForDeploymentPostprocessing = 0;
		};
/* End PBXFrameworksBuildPhase section */

/* Begin PBXGroup section */
		7122D45E2A9E3E6C008D57C7 = {
			isa = PBXGroup;
			children = (
				7122D4692A9E3E6C008D57C7 /* TestApp */,
				7122D4682A9E3E6C008D57C7 /* Products */,
			);
			sourceTree = "<group>";
		};
		7122D4682A9E3E6C008D57C7 /* Products */ = {
			isa = PBXGroup;
			children = (
				7122D4672A9E3E6C008D57C7 /* TestApp.app */,
			);
			name = Products;
			sourceTree = "<group>";
		};
		7122D4692A9E3E6C008D57C7 /* TestApp */ = {
			isa = PBXGroup;
			children = (
				7122D47F2A9E4340008D57C7 /* Application */,
				7122D4872A9E5446008D57C7 /* Model */,
				7122D4882A9E5454008D57C7 /* ApiManager */,
				7122D4862A9E52D2008D57C7 /* Resourses */,
				7122D47E2A9E4328008D57C7 /* SupportingFiles */,
				7122D4832A9E494D008D57C7 /* ViewControllers */,
			);
			path = TestApp;
			sourceTree = "<group>";
		};
		7122D47E2A9E4328008D57C7 /* SupportingFiles */ = {
			isa = PBXGroup;
			children = (
				7122D4732A9E3E6E008D57C7 /* Assets.xcassets */,
				7122D4752A9E3E6E008D57C7 /* LaunchScreen.storyboard */,
				7122D4782A9E3E6E008D57C7 /* Info.plist */,
			);
			path = SupportingFiles;
			sourceTree = "<group>";
		};
		7122D47F2A9E4340008D57C7 /* Application */ = {
			isa = PBXGroup;
			children = (
				7122D46A2A9E3E6C008D57C7 /* AppDelegate.swift */,
				7122D46C2A9E3E6C008D57C7 /* SceneDelegate.swift */,
			);
			path = Application;
			sourceTree = "<group>";
		};
		7122D4822A9E4934008D57C7 /* MainViewController */ = {
			isa = PBXGroup;
			children = (
				7122D46E2A9E3E6C008D57C7 /* MainViewController.swift */,
				7122D4802A9E48AD008D57C7 /* NewsCollectionViewCell.swift */,
				71D889142A9E79DC003F9613 /* SpecificNews.swift */,
			);
			path = MainViewController;
			sourceTree = "<group>";
		};
		7122D4832A9E494D008D57C7 /* ViewControllers */ = {
			isa = PBXGroup;
			children = (
				7122D4822A9E4934008D57C7 /* MainViewController */,
			);
			path = ViewControllers;
			sourceTree = "<group>";
		};
		7122D4862A9E52D2008D57C7 /* Resourses */ = {
			isa = PBXGroup;
			children = (
				7122D4842A9E52CE008D57C7 /* Resourses.swift */,
				71D889162A9E83CC003F9613 /* Extension Color .swift */,
			);
			path = Resourses;
			sourceTree = "<group>";
		};
		7122D4872A9E5446008D57C7 /* Model */ = {
			isa = PBXGroup;
			children = (
				7122D4892A9E546A008D57C7 /* ModelOfPost.swift */,
			);
			path = Model;
			sourceTree = "<group>";
		};
		7122D4882A9E5454008D57C7 /* ApiManager */ = {
			isa = PBXGroup;
			children = (
				71D889122A9E5DF6003F9613 /* ApiManager.swift */,
			);
			path = ApiManager;
			sourceTree = "<group>";
		};
/* End PBXGroup section */

/* Begin PBXNativeTarget section */
		7122D4662A9E3E6C008D57C7 /* TestApp */ = {
			isa = PBXNativeTarget;
			buildConfigurationList = 7122D47B2A9E3E6E008D57C7 /* Build configuration list for PBXNativeTarget "TestApp" */;
			buildPhases = (
				7122D4632A9E3E6C008D57C7 /* Sources */,
				7122D4642A9E3E6C008D57C7 /* Frameworks */,
				7122D4652A9E3E6C008D57C7 /* Resources */,
			);
			buildRules = (
			);
			dependencies = (
			);
			name = TestApp;
			productName = TestApp;
			productReference = 7122D4672A9E3E6C008D57C7 /* TestApp.app */;
			productType = "com.apple.product-type.application";
		};
/* End PBXNativeTarget section */

/* Begin PBXProject section */
		7122D45F2A9E3E6C008D57C7 /* Project object */ = {
			isa = PBXProject;
			attributes = {
				BuildIndependentTargetsInParallel = 1;
				LastSwiftUpdateCheck = 1420;
				LastUpgradeCheck = 1420;
				TargetAttributes = {
					7122D4662A9E3E6C008D57C7 = {
						CreatedOnToolsVersion = 14.2;
					};
				};
			};
			buildConfigurationList = 7122D4622A9E3E6C008D57C7 /* Build configuration list for PBXProject "TestApp" */;
			compatibilityVersion = "Xcode 14.0";
			developmentRegion = en;
			hasScannedForEncodings = 0;
			knownRegions = (
				en,
				Base,
			);
			mainGroup = 7122D45E2A9E3E6C008D57C7;
			productRefGroup = 7122D4682A9E3E6C008D57C7 /* Products */;
			projectDirPath = "";
			projectRoot = "";
			targets = (
				7122D4662A9E3E6C008D57C7 /* TestApp */,
			);
		};
/* End PBXProject section */

/* Begin PBXResourcesBuildPhase section */
		7122D4652A9E3E6C008D57C7 /* Resources */ = {
			isa = PBXResourcesBuildPhase;
			buildActionMask = 2147483647;
			files = (
				7122D4772A9E3E6E008D57C7 /* LaunchScreen.storyboard in Resources */,
				7122D4742A9E3E6E008D57C7 /* Assets.xcassets in Resources */,
			);
			runOnlyForDeploymentPostprocessing = 0;
		};
/* End PBXResourcesBuildPhase section */

/* Begin PBXSourcesBuildPhase section */
		7122D4632A9E3E6C008D57C7 /* Sources */ = {
			isa = PBXSourcesBuildPhase;
			buildActionMask = 2147483647;
			files = (
				71D889152A9E79DC003F9613 /* SpecificNews.swift in Sources */,
				7122D48A2A9E546A008D57C7 /* ModelOfPost.swift in Sources */,
				7122D46F2A9E3E6C008D57C7 /* MainViewController.swift in Sources */,
				7122D46B2A9E3E6C008D57C7 /* AppDelegate.swift in Sources */,
				71D889132A9E5DF6003F9613 /* ApiManager.swift in Sources */,
				7122D46D2A9E3E6C008D57C7 /* SceneDelegate.swift in Sources */,
				7122D4852A9E52CE008D57C7 /* Resourses.swift in Sources */,
				7122D4812A9E48AD008D57C7 /* NewsCollectionViewCell.swift in Sources */,
				71D889172A9E83CC003F9613 /* Extension Color .swift in Sources */,
			);
			runOnlyForDeploymentPostprocessing = 0;
		};
/* End PBXSourcesBuildPhase section */

/* Begin PBXVariantGroup section */
		7122D4752A9E3E6E008D57C7 /* LaunchScreen.storyboard */ = {
			isa = PBXVariantGroup;
			children = (
				7122D4762A9E3E6E008D57C7 /* Base */,
			);
			name = LaunchScreen.storyboard;
			sourceTree = "<group>";
		};
/* End PBXVariantGroup section */

/* Begin XCBuildConfiguration section */
		7122D4792A9E3E6E008D57C7 /* Debug */ = {
			isa = XCBuildConfiguration;
			buildSettings = {
				ALWAYS_SEARCH_USER_PATHS = NO;
				CLANG_ANALYZER_NONNULL = YES;
				CLANG_ANALYZER_NUMBER_OBJECT_CONVERSION = YES_AGGRESSIVE;
				CLANG_CXX_LANGUAGE_STANDARD = "gnu++20";
				CLANG_ENABLE_MODULES = YES;
				CLANG_ENABLE_OBJC_ARC = YES;
				CLANG_ENABLE_OBJC_WEAK = YES;
				CLANG_WARN_BLOCK_CAPTURE_AUTORELEASING = YES;
				CLANG_WARN_BOOL_CONVERSION = YES;
				CLANG_WARN_COMMA = YES;
				CLANG_WARN_CONSTANT_CONVERSION = YES;
				CLANG_WARN_DEPRECATED_OBJC_IMPLEMENTATIONS = YES;
				CLANG_WARN_DIRECT_OBJC_ISA_USAGE = YES_ERROR;
				CLANG_WARN_DOCUMENTATION_COMMENTS = YES;
				CLANG_WARN_EMPTY_BODY = YES;
				CLANG_WARN_ENUM_CONVERSION = YES;
				CLANG_WARN_INFINITE_RECURSION = YES;
				CLANG_WARN_INT_CONVERSION = YES;
				CLANG_WARN_NON_LITERAL_NULL_CONVERSION = YES;
				CLANG_WARN_OBJC_IMPLICIT_RETAIN_SELF = YES;
				CLANG_WARN_OBJC_LITERAL_CONVERSION = YES;
				CLANG_WARN_OBJC_ROOT_CLASS = YES_ERROR;
				CLANG_WARN_QUOTED_INCLUDE_IN_FRAMEWORK_HEADER = YES;
				CLANG_WARN_RANGE_LOOP_ANALYSIS = YES;
				CLANG_WARN_STRICT_PROTOTYPES = YES;
				CLANG_WARN_SUSPICIOUS_MOVE = YES;
				CLANG_WARN_UNGUARDED_AVAILABILITY = YES_AGGRESSIVE;
				CLANG_WARN_UNREACHABLE_CODE = YES;
				CLANG_WARN__DUPLICATE_METHOD_MATCH = YES;
				COPY_PHASE_STRIP = NO;
				DEBUG_INFORMATION_FORMAT = dwarf;
				ENABLE_STRICT_OBJC_MSGSEND = YES;
				ENABLE_TESTABILITY = YES;
				GCC_C_LANGUAGE_STANDARD = gnu11;
				GCC_DYNAMIC_NO_PIC = NO;
				GCC_NO_COMMON_BLOCKS = YES;
				GCC_OPTIMIZATION_LEVEL = 0;
				GCC_PREPROCESSOR_DEFINITIONS = (
					"DEBUG=1",
					"$(inherited)",
				);
				GCC_WARN_64_TO_32_BIT_CONVERSION = YES;
				GCC_WARN_ABOUT_RETURN_TYPE = YES_ERROR;
				GCC_WARN_UNDECLARED_SELECTOR = YES;
				GCC_WARN_UNINITIALIZED_AUTOS = YES_AGGRESSIVE;
				GCC_WARN_UNUSED_FUNCTION = YES;
				GCC_WARN_UNUSED_VARIABLE = YES;
				IPHONEOS_DEPLOYMENT_TARGET = 16.2;
				MTL_ENABLE_DEBUG_INFO = INCLUDE_SOURCE;
				MTL_FAST_MATH = YES;
				ONLY_ACTIVE_ARCH = YES;
				SDKROOT = iphoneos;
				SWIFT_ACTIVE_COMPILATION_CONDITIONS = DEBUG;
				SWIFT_OPTIMIZATION_LEVEL = "-Onone";
			};
			name = Debug;
		};
		7122D47A2A9E3E6E008D57C7 /* Release */ = {
			isa = XCBuildConfiguration;
			buildSettings = {
				ALWAYS_SEARCH_USER_PATHS = NO;
				CLANG_ANALYZER_NONNULL = YES;
				CLANG_ANALYZER_NUMBER_OBJECT_CONVERSION = YES_AGGRESSIVE;
				CLANG_CXX_LANGUAGE_STANDARD = "gnu++20";
				CLANG_ENABLE_MODULES = YES;
				CLANG_ENABLE_OBJC_ARC = YES;
				CLANG_ENABLE_OBJC_WEAK = YES;
				CLANG_WARN_BLOCK_CAPTURE_AUTORELEASING = YES;
				CLANG_WARN_BOOL_CONVERSION = YES;
				CLANG_WARN_COMMA = YES;
				CLANG_WARN_CONSTANT_CONVERSION = YES;
				CLANG_WARN_DEPRECATED_OBJC_IMPLEMENTATIONS = YES;
				CLANG_WARN_DIRECT_OBJC_ISA_USAGE = YES_ERROR;
				CLANG_WARN_DOCUMENTATION_COMMENTS = YES;
				CLANG_WARN_EMPTY_BODY = YES;
				CLANG_WARN_ENUM_CONVERSION = YES;
				CLANG_WARN_INFINITE_RECURSION = YES;
				CLANG_WARN_INT_CONVERSION = YES;
				CLANG_WARN_NON_LITERAL_NULL_CONVERSION = YES;
				CLANG_WARN_OBJC_IMPLICIT_RETAIN_SELF = YES;
				CLANG_WARN_OBJC_LITERAL_CONVERSION = YES;
				CLANG_WARN_OBJC_ROOT_CLASS = YES_ERROR;
				CLANG_WARN_QUOTED_INCLUDE_IN_FRAMEWORK_HEADER = YES;
				CLANG_WARN_RANGE_LOOP_ANALYSIS = YES;
				CLANG_WARN_STRICT_PROTOTYPES = YES;
				CLANG_WARN_SUSPICIOUS_MOVE = YES;
				CLANG_WARN_UNGUARDED_AVAILABILITY = YES_AGGRESSIVE;
				CLANG_WARN_UNREACHABLE_CODE = YES;
				CLANG_WARN__DUPLICATE_METHOD_MATCH = YES;
				COPY_PHASE_STRIP = NO;
				DEBUG_INFORMATION_FORMAT = "dwarf-with-dsym";
				ENABLE_NS_ASSERTIONS = NO;
				ENABLE_STRICT_OBJC_MSGSEND = YES;
				GCC_C_LANGUAGE_STANDARD = gnu11;
				GCC_NO_COMMON_BLOCKS = YES;
				GCC_WARN_64_TO_32_BIT_CONVERSION = YES;
				GCC_WARN_ABOUT_RETURN_TYPE = YES_ERROR;
				GCC_WARN_UNDECLARED_SELECTOR = YES;
				GCC_WARN_UNINITIALIZED_AUTOS = YES_AGGRESSIVE;
				GCC_WARN_UNUSED_FUNCTION = YES;
				GCC_WARN_UNUSED_VARIABLE = YES;
				IPHONEOS_DEPLOYMENT_TARGET = 16.2;
				MTL_ENABLE_DEBUG_INFO = NO;
				MTL_FAST_MATH = YES;
				SDKROOT = iphoneos;
				SWIFT_COMPILATION_MODE = wholemodule;
				SWIFT_OPTIMIZATION_LEVEL = "-O";
				VALIDATE_PRODUCT = YES;
			};
			name = Release;
		};
		7122D47C2A9E3E6E008D57C7 /* Debug */ = {
			isa = XCBuildConfiguration;
			buildSettings = {
				ASSETCATALOG_COMPILER_APPICON_NAME = AppIcon;
				ASSETCATALOG_COMPILER_GLOBAL_ACCENT_COLOR_NAME = AccentColor;
				CODE_SIGN_STYLE = Automatic;
				CURRENT_PROJECT_VERSION = 1;
				DEVELOPMENT_TEAM = 8U5JRPA4B7;
				GENERATE_INFOPLIST_FILE = YES;
				IBSC_FLATTEN_NIBS = NO;
				INFOPLIST_FILE = TestApp/SupportingFiles/Info.plist;
				INFOPLIST_KEY_UIApplicationSupportsIndirectInputEvents = YES;
				INFOPLIST_KEY_UILaunchStoryboardName = LaunchScreen;
				INFOPLIST_KEY_UISupportedInterfaceOrientations = UIInterfaceOrientationPortrait;
				IPHONEOS_DEPLOYMENT_TARGET = 14.0;
				LD_RUNPATH_SEARCH_PATHS = (
					"$(inherited)",
					"@executable_path/Frameworks",
				);
				MARKETING_VERSION = 1.0;
				PRODUCT_BUNDLE_IDENTIFIER = PipsNotSolution.TestApp;
				PRODUCT_NAME = "$(TARGET_NAME)";
				SUPPORTED_PLATFORMS = "iphoneos iphonesimulator";
				SUPPORTS_MACCATALYST = NO;
				SUPPORTS_MAC_DESIGNED_FOR_IPHONE_IPAD = NO;
				SWIFT_EMIT_LOC_STRINGS = YES;
				SWIFT_VERSION = 5.0;
				TARGETED_DEVICE_FAMILY = "1,2";
			};
			name = Debug;
		};
		7122D47D2A9E3E6E008D57C7 /* Release */ = {
			isa = XCBuildConfiguration;
			buildSettings = {
				ASSETCATALOG_COMPILER_APPICON_NAME = AppIcon;
				ASSETCATALOG_COMPILER_GLOBAL_ACCENT_COLOR_NAME = AccentColor;
				CODE_SIGN_STYLE = Automatic;
				CURRENT_PROJECT_VERSION = 1;
				DEVELOPMENT_TEAM = 8U5JRPA4B7;
				GENERATE_INFOPLIST_FILE = YES;
				IBSC_FLATTEN_NIBS = NO;
				INFOPLIST_FILE = TestApp/SupportingFiles/Info.plist;
				INFOPLIST_KEY_UIApplicationSupportsIndirectInputEvents = YES;
				INFOPLIST_KEY_UILaunchStoryboardName = LaunchScreen;
				INFOPLIST_KEY_UISupportedInterfaceOrientations = UIInterfaceOrientationPortrait;
				IPHONEOS_DEPLOYMENT_TARGET = 14.0;
				LD_RUNPATH_SEARCH_PATHS = (
					"$(inherited)",
					"@executable_path/Frameworks",
				);
				MARKETING_VERSION = 1.0;
				PRODUCT_BUNDLE_IDENTIFIER = PipsNotSolution.TestApp;
				PRODUCT_NAME = "$(TARGET_NAME)";
				SUPPORTED_PLATFORMS = "iphoneos iphonesimulator";
				SUPPORTS_MACCATALYST = NO;
				SUPPORTS_MAC_DESIGNED_FOR_IPHONE_IPAD = NO;
				SWIFT_EMIT_LOC_STRINGS = YES;
				SWIFT_VERSION = 5.0;
				TARGETED_DEVICE_FAMILY = "1,2";
			};
			name = Release;
		};
/* End XCBuildConfiguration section */

/* Begin XCConfigurationList section */
		7122D4622A9E3E6C008D57C7 /* Build configuration list for PBXProject "TestApp" */ = {
			isa = XCConfigurationList;
			buildConfigurations = (
				7122D4792A9E3E6E008D57C7 /* Debug */,
				7122D47A2A9E3E6E008D57C7 /* Release */,
			);
			defaultConfigurationIsVisible = 0;
			defaultConfigurationName = Release;
		};
		7122D47B2A9E3E6E008D57C7 /* Build configuration list for PBXNativeTarget "TestApp" */ = {
			isa = XCConfigurationList;
			buildConfigurations = (
				7122D47C2A9E3E6E008D57C7 /* Debug */,
				7122D47D2A9E3E6E008D57C7 /* Release */,
			);
			defaultConfigurationIsVisible = 0;
			defaultConfigurationName = Release;
		};
/* End XCConfigurationList section */
	};
	rootObject = 7122D45F2A9E3E6C008D57C7 /* Project object */;
}
